
Microsoft Visual Studio Solution File, Format Version 12.00
# Visual Studio Version 17
VisualStudioVersion = 17.4.33110.190
MinimumVisualStudioVersion = 10.0.40219.1
Project("{9A19103F-16F7-4668-BE54-9A1E7A4F7556}") = "01-CalorieCounting", "01-CalorieCounting\01-CalorieCounting.csproj", "{BEB0014C-54CC-4E8E-8C37-B3BF37F4C4B0}"
EndProject
Project("{9A19103F-16F7-4668-BE54-9A1E7A4F7556}") = "02-RockPaperScissors", "02-RockPaperScissors\02-RockPaperScissors.csproj", "{00478087-837B-4C51-9C3F-A127250B95D5}"
EndProject
Project("{9A19103F-16F7-4668-BE54-9A1E7A4F7556}") = "03-Rucksack", "03-Rucksack\03-Rucksack.csproj", "{DD4B48A2-7DC9-4C2D-AFE0-AF2CBEFC734E}"
EndProject
Project("{9A19103F-16F7-4668-BE54-9A1E7A4F7556}") = "04-CampCleanup", "04-CampCleanup\04-CampCleanup.csproj", "{F6DBCB43-61B8-4A1B-A409-5C9B68E0D4CB}"
EndProject
Project("{9A19103F-16F7-4668-BE54-9A1E7A4F7556}") = "05-SupplyStacks", "05-SupplyStacks\05-SupplyStacks.csproj", "{3362A2DE-576D-4861-989B-3CF7391BF15B}"
EndProject
Project("{9A19103F-16F7-4668-BE54-9A1E7A4F7556}") = "06-TuningTrouble", "06-TuningTrouble\06-TuningTrouble.csproj", "{6F09B732-42D8-47DB-936F-906D13F8E2CF}"
EndProject
Project("{FAE04EC0-301F-11D3-BF4B-00C04F79EFBC}") = "07-NoSpaceLeft", "07-NoSpaceLeft\07-NoSpaceLeft.csproj", "{2706BED6-34A2-465A-BB73-9A57BB835587}"
EndProject
Global
	GlobalSection(SolutionConfigurationPlatforms) = preSolution
		Debug|Any CPU = Debug|Any CPU
		Release|Any CPU = Release|Any CPU
	EndGlobalSection
	GlobalSection(ProjectConfigurationPlatforms) = postSolution
		{BEB0014C-54CC-4E8E-8C37-B3BF37F4C4B0}.Debug|Any CPU.ActiveCfg = Debug|Any CPU
		{BEB0014C-54CC-4E8E-8C37-B3BF37F4C4B0}.Debug|Any CPU.Build.0 = Debug|Any CPU
		{BEB0014C-54CC-4E8E-8C37-B3BF37F4C4B0}.Release|Any CPU.ActiveCfg = Release|Any CPU
		{BEB0014C-54CC-4E8E-8C37-B3BF37F4C4B0}.Release|Any CPU.Build.0 = Release|Any CPU
		{00478087-837B-4C51-9C3F-A127250B95D5}.Debug|Any CPU.ActiveCfg = Debug|Any CPU
		{00478087-837B-4C51-9C3F-A127250B95D5}.Debug|Any CPU.Build.0 = Debug|Any CPU
		{00478087-837B-4C51-9C3F-A127250B95D5}.Release|Any CPU.ActiveCfg = Release|Any CPU
		{00478087-837B-4C51-9C3F-A127250B95D5}.Release|Any CPU.Build.0 = Release|Any CPU
		{DD4B48A2-7DC9-4C2D-AFE0-AF2CBEFC734E}.Debug|Any CPU.ActiveCfg = Debug|Any CPU
		{DD4B48A2-7DC9-4C2D-AFE0-AF2CBEFC734E}.Debug|Any CPU.Build.0 = Debug|Any CPU
		{DD4B48A2-7DC9-4C2D-AFE0-AF2CBEFC734E}.Release|Any CPU.ActiveCfg = Release|Any CPU
		{DD4B48A2-7DC9-4C2D-AFE0-AF2CBEFC734E}.Release|Any CPU.Build.0 = Release|Any CPU
		{F6DBCB43-61B8-4A1B-A409-5C9B68E0D4CB}.Debug|Any CPU.ActiveCfg = Debug|Any CPU
		{F6DBCB43-61B8-4A1B-A409-5C9B68E0D4CB}.Debug|Any CPU.Build.0 = Debug|Any CPU
		{F6DBCB43-61B8-4A1B-A409-5C9B68E0D4CB}.Release|Any CPU.ActiveCfg = Release|Any CPU
		{F6DBCB43-61B8-4A1B-A409-5C9B68E0D4CB}.Release|Any CPU.Build.0 = Release|Any CPU
		{3362A2DE-576D-4861-989B-3CF7391BF15B}.Debug|Any CPU.ActiveCfg = Debug|Any CPU
		{3362A2DE-576D-4861-989B-3CF7391BF15B}.Debug|Any CPU.Build.0 = Debug|Any CPU
		{3362A2DE-576D-4861-989B-3CF7391BF15B}.Release|Any CPU.ActiveCfg = Release|Any CPU
		{3362A2DE-576D-4861-989B-3CF7391BF15B}.Release|Any CPU.Build.0 = Release|Any CPU
		{6F09B732-42D8-47DB-936F-906D13F8E2CF}.Debug|Any CPU.ActiveCfg = Debug|Any CPU
		{6F09B732-42D8-47DB-936F-906D13F8E2CF}.Debug|Any CPU.Build.0 = Debug|Any CPU
		{6F09B732-42D8-47DB-936F-906D13F8E2CF}.Release|Any CPU.ActiveCfg = Release|Any CPU
		{6F09B732-42D8-47DB-936F-906D13F8E2CF}.Release|Any CPU.Build.0 = Release|Any CPU
		{2706BED6-34A2-465A-BB73-9A57BB835587}.Debug|Any CPU.ActiveCfg = Debug|Any CPU
		{2706BED6-34A2-465A-BB73-9A57BB835587}.Debug|Any CPU.Build.0 = Debug|Any CPU
		{2706BED6-34A2-465A-BB73-9A57BB835587}.Release|Any CPU.ActiveCfg = Release|Any CPU
		{2706BED6-34A2-465A-BB73-9A57BB835587}.Release|Any CPU.Build.0 = Release|Any CPU
	EndGlobalSection
	GlobalSection(SolutionProperties) = preSolution
		HideSolutionNode = FALSE
	EndGlobalSection
	GlobalSection(ExtensibilityGlobals) = postSolution
		SolutionGuid = {48CCCB01-C3ED-44C7-B7CB-DB0157A7827F}
	EndGlobalSection
EndGlobal
