
Microsoft Visual Studio Solution File, Format Version 12.00
# Visual Studio Version 17
VisualStudioVersion = 17.4.33110.190
MinimumVisualStudioVersion = 10.0.40219.1
Project("{9A19103F-16F7-4668-BE54-9A1E7A4F7556}") = "01-CalorieCounting", "01-CalorieCounting\01-CalorieCounting.csproj", "{BEB0014C-54CC-4E8E-8C37-B3BF37F4C4B0}"
EndProject
Project("{9A19103F-16F7-4668-BE54-9A1E7A4F7556}") = "02-RockPaperScissors", "02-RockPaperScissors\02-RockPaperScissors.csproj", "{00478087-837B-4C51-9C3F-A127250B95D5}"
EndProject
Project("{9A19103F-16F7-4668-BE54-9A1E7A4F7556}") = "03-Rucksack", "03-Rucksack\03-Rucksack.csproj", "{DD4B48A2-7DC9-4C2D-AFE0-AF2CBEFC734E}"
EndProject
Project("{9A19103F-16F7-4668-BE54-9A1E7A4F7556}") = "04-CampCleanup", "04-CampCleanup\04-CampCleanup.csproj", "{F6DBCB43-61B8-4A1B-A409-5C9B68E0D4CB}"
EndProject
Project("{9A19103F-16F7-4668-BE54-9A1E7A4F7556}") = "05-SupplyStacks", "05-SupplyStacks\05-SupplyStacks.csproj", "{3362A2DE-576D-4861-989B-3CF7391BF15B}"
EndProject
Project("{9A19103F-16F7-4668-BE54-9A1E7A4F7556}") = "06-TuningTrouble", "06-TuningTrouble\06-TuningTrouble.csproj", "{6F09B732-42D8-47DB-936F-906D13F8E2CF}"
EndProject
Project("{9A19103F-16F7-4668-BE54-9A1E7A4F7556}") = "07-NoSpaceLeft", "07-NoSpaceLeft\07-NoSpaceLeft.csproj", "{2706BED6-34A2-465A-BB73-9A57BB835587}"
EndProject
Project("{9A19103F-16F7-4668-BE54-9A1E7A4F7556}") = "08-TreetopTreeHouse", "08-TreetopTreeHouse\08-TreetopTreeHouse.csproj", "{B7BBE679-F7F0-4612-AE68-B9BBA9CAC8F9}"
EndProject
Project("{9A19103F-16F7-4668-BE54-9A1E7A4F7556}") = "09-RopeBridge", "09-RopeBridge\09-RopeBridge.csproj", "{0F776CE9-CCE5-46B3-925B-D6B944236965}"
EndProject
Project("{9A19103F-16F7-4668-BE54-9A1E7A4F7556}") = "10-SignalStrength", "10-SignalStrength\10-SignalStrength.csproj", "{8CBC0FA0-C376-4080-BCF3-08852B8F6388}"
EndProject
Project("{9A19103F-16F7-4668-BE54-9A1E7A4F7556}") = "11-Monkey", "11-Monkey\11-Monkey.csproj", "{C40A82F5-81AF-48D7-8B61-9E5B7822AC02}"
EndProject
Project("{9A19103F-16F7-4668-BE54-9A1E7A4F7556}") = "12-HillClimbing", "12-HillClimbing\12-HillClimbing.csproj", "{D7407BE8-3C47-4915-8778-9F69B8E65320}"
EndProject
Project("{9A19103F-16F7-4668-BE54-9A1E7A4F7556}") = "13-DistressSignal", "13-DistressSignal\13-DistressSignal.csproj", "{9AFC5C98-4E7E-4A24-BF1B-34054CD36421}"
EndProject
Project("{9A19103F-16F7-4668-BE54-9A1E7A4F7556}") = "14-RegolithReservoir", "14-RegolithReservoir\14-RegolithReservoir.csproj", "{8C363C3F-AB3B-4791-8316-E1B6E5420187}"
EndProject
Project("{9A19103F-16F7-4668-BE54-9A1E7A4F7556}") = "15-BeaconExclusionZone", "15-BeaconExclusionZone\15-BeaconExclusionZone.csproj", "{5DC1BADA-B459-4B65-89E0-9E113DF6FB40}"
EndProject
Project("{9A19103F-16F7-4668-BE54-9A1E7A4F7556}") = "16-ProboscideaVolcanium", "16-ProboscideaVolcanium\16-ProboscideaVolcanium.csproj", "{2CEC2559-8194-4686-A024-8372DCDA15AD}"
EndProject
Project("{9A19103F-16F7-4668-BE54-9A1E7A4F7556}") = "17-PyroclasticFlow", "17-PyroclasticFlow\17-PyroclasticFlow.csproj", "{998E026C-B684-4C38-8574-98DD8844EFCA}"
EndProject
Project("{9A19103F-16F7-4668-BE54-9A1E7A4F7556}") = "18-BoilingBoulders", "18-BoilingBoulders\18-BoilingBoulders.csproj", "{65FF251C-73EB-47A1-9E21-0CF1C7D186D1}"
EndProject
Project("{9A19103F-16F7-4668-BE54-9A1E7A4F7556}") = "19-Minerals", "19-Minerals\19-Minerals.csproj", "{C6349E68-CF90-424E-8291-01853AFB6E11}"
EndProject
Project("{9A19103F-16F7-4668-BE54-9A1E7A4F7556}") = "20-GrovePositioningSystem", "20-GrovePositioningSystem\20-GrovePositioningSystem.csproj", "{1D0E5B7D-B010-496B-9E4A-FEE0B3C6E1F2}"
EndProject
Project("{FAE04EC0-301F-11D3-BF4B-00C04F79EFBC}") = "21-MonkeyMath", "21-MonkeyMath\21-MonkeyMath.csproj", "{B0AF05D5-AC14-47D3-A7DC-7B4866953BFE}"
EndProject
Project("{FAE04EC0-301F-11D3-BF4B-00C04F79EFBC}") = "22-MonkeyMap", "22-MonkeyMap\22-MonkeyMap.csproj", "{7DD9D21B-03B7-41BA-AA31-4F3010AC101D}"
EndProject
Global
	GlobalSection(SolutionConfigurationPlatforms) = preSolution
		Debug|Any CPU = Debug|Any CPU
		Release|Any CPU = Release|Any CPU
	EndGlobalSection
	GlobalSection(ProjectConfigurationPlatforms) = postSolution
		{BEB0014C-54CC-4E8E-8C37-B3BF37F4C4B0}.Debug|Any CPU.ActiveCfg = Debug|Any CPU
		{BEB0014C-54CC-4E8E-8C37-B3BF37F4C4B0}.Debug|Any CPU.Build.0 = Debug|Any CPU
		{BEB0014C-54CC-4E8E-8C37-B3BF37F4C4B0}.Release|Any CPU.ActiveCfg = Release|Any CPU
		{BEB0014C-54CC-4E8E-8C37-B3BF37F4C4B0}.Release|Any CPU.Build.0 = Release|Any CPU
		{00478087-837B-4C51-9C3F-A127250B95D5}.Debug|Any CPU.ActiveCfg = Debug|Any CPU
		{00478087-837B-4C51-9C3F-A127250B95D5}.Debug|Any CPU.Build.0 = Debug|Any CPU
		{00478087-837B-4C51-9C3F-A127250B95D5}.Release|Any CPU.ActiveCfg = Release|Any CPU
		{00478087-837B-4C51-9C3F-A127250B95D5}.Release|Any CPU.Build.0 = Release|Any CPU
		{DD4B48A2-7DC9-4C2D-AFE0-AF2CBEFC734E}.Debug|Any CPU.ActiveCfg = Debug|Any CPU
		{DD4B48A2-7DC9-4C2D-AFE0-AF2CBEFC734E}.Debug|Any CPU.Build.0 = Debug|Any CPU
		{DD4B48A2-7DC9-4C2D-AFE0-AF2CBEFC734E}.Release|Any CPU.ActiveCfg = Release|Any CPU
		{DD4B48A2-7DC9-4C2D-AFE0-AF2CBEFC734E}.Release|Any CPU.Build.0 = Release|Any CPU
		{F6DBCB43-61B8-4A1B-A409-5C9B68E0D4CB}.Debug|Any CPU.ActiveCfg = Debug|Any CPU
		{F6DBCB43-61B8-4A1B-A409-5C9B68E0D4CB}.Debug|Any CPU.Build.0 = Debug|Any CPU
		{F6DBCB43-61B8-4A1B-A409-5C9B68E0D4CB}.Release|Any CPU.ActiveCfg = Release|Any CPU
		{F6DBCB43-61B8-4A1B-A409-5C9B68E0D4CB}.Release|Any CPU.Build.0 = Release|Any CPU
		{3362A2DE-576D-4861-989B-3CF7391BF15B}.Debug|Any CPU.ActiveCfg = Debug|Any CPU
		{3362A2DE-576D-4861-989B-3CF7391BF15B}.Debug|Any CPU.Build.0 = Debug|Any CPU
		{3362A2DE-576D-4861-989B-3CF7391BF15B}.Release|Any CPU.ActiveCfg = Release|Any CPU
		{3362A2DE-576D-4861-989B-3CF7391BF15B}.Release|Any CPU.Build.0 = Release|Any CPU
		{6F09B732-42D8-47DB-936F-906D13F8E2CF}.Debug|Any CPU.ActiveCfg = Debug|Any CPU
		{6F09B732-42D8-47DB-936F-906D13F8E2CF}.Debug|Any CPU.Build.0 = Debug|Any CPU
		{6F09B732-42D8-47DB-936F-906D13F8E2CF}.Release|Any CPU.ActiveCfg = Release|Any CPU
		{6F09B732-42D8-47DB-936F-906D13F8E2CF}.Release|Any CPU.Build.0 = Release|Any CPU
		{2706BED6-34A2-465A-BB73-9A57BB835587}.Debug|Any CPU.ActiveCfg = Debug|Any CPU
		{2706BED6-34A2-465A-BB73-9A57BB835587}.Debug|Any CPU.Build.0 = Debug|Any CPU
		{2706BED6-34A2-465A-BB73-9A57BB835587}.Release|Any CPU.ActiveCfg = Release|Any CPU
		{2706BED6-34A2-465A-BB73-9A57BB835587}.Release|Any CPU.Build.0 = Release|Any CPU
		{B7BBE679-F7F0-4612-AE68-B9BBA9CAC8F9}.Debug|Any CPU.ActiveCfg = Debug|Any CPU
		{B7BBE679-F7F0-4612-AE68-B9BBA9CAC8F9}.Debug|Any CPU.Build.0 = Debug|Any CPU
		{B7BBE679-F7F0-4612-AE68-B9BBA9CAC8F9}.Release|Any CPU.ActiveCfg = Release|Any CPU
		{B7BBE679-F7F0-4612-AE68-B9BBA9CAC8F9}.Release|Any CPU.Build.0 = Release|Any CPU
		{0F776CE9-CCE5-46B3-925B-D6B944236965}.Debug|Any CPU.ActiveCfg = Debug|Any CPU
		{0F776CE9-CCE5-46B3-925B-D6B944236965}.Debug|Any CPU.Build.0 = Debug|Any CPU
		{0F776CE9-CCE5-46B3-925B-D6B944236965}.Release|Any CPU.ActiveCfg = Release|Any CPU
		{0F776CE9-CCE5-46B3-925B-D6B944236965}.Release|Any CPU.Build.0 = Release|Any CPU
		{8CBC0FA0-C376-4080-BCF3-08852B8F6388}.Debug|Any CPU.ActiveCfg = Debug|Any CPU
		{8CBC0FA0-C376-4080-BCF3-08852B8F6388}.Debug|Any CPU.Build.0 = Debug|Any CPU
		{8CBC0FA0-C376-4080-BCF3-08852B8F6388}.Release|Any CPU.ActiveCfg = Release|Any CPU
		{8CBC0FA0-C376-4080-BCF3-08852B8F6388}.Release|Any CPU.Build.0 = Release|Any CPU
		{C40A82F5-81AF-48D7-8B61-9E5B7822AC02}.Debug|Any CPU.ActiveCfg = Debug|Any CPU
		{C40A82F5-81AF-48D7-8B61-9E5B7822AC02}.Debug|Any CPU.Build.0 = Debug|Any CPU
		{C40A82F5-81AF-48D7-8B61-9E5B7822AC02}.Release|Any CPU.ActiveCfg = Release|Any CPU
		{C40A82F5-81AF-48D7-8B61-9E5B7822AC02}.Release|Any CPU.Build.0 = Release|Any CPU
		{D7407BE8-3C47-4915-8778-9F69B8E65320}.Debug|Any CPU.ActiveCfg = Debug|Any CPU
		{D7407BE8-3C47-4915-8778-9F69B8E65320}.Debug|Any CPU.Build.0 = Debug|Any CPU
		{D7407BE8-3C47-4915-8778-9F69B8E65320}.Release|Any CPU.ActiveCfg = Release|Any CPU
		{D7407BE8-3C47-4915-8778-9F69B8E65320}.Release|Any CPU.Build.0 = Release|Any CPU
		{9AFC5C98-4E7E-4A24-BF1B-34054CD36421}.Debug|Any CPU.ActiveCfg = Debug|Any CPU
		{9AFC5C98-4E7E-4A24-BF1B-34054CD36421}.Debug|Any CPU.Build.0 = Debug|Any CPU
		{9AFC5C98-4E7E-4A24-BF1B-34054CD36421}.Release|Any CPU.ActiveCfg = Release|Any CPU
		{9AFC5C98-4E7E-4A24-BF1B-34054CD36421}.Release|Any CPU.Build.0 = Release|Any CPU
		{8C363C3F-AB3B-4791-8316-E1B6E5420187}.Debug|Any CPU.ActiveCfg = Debug|Any CPU
		{8C363C3F-AB3B-4791-8316-E1B6E5420187}.Debug|Any CPU.Build.0 = Debug|Any CPU
		{8C363C3F-AB3B-4791-8316-E1B6E5420187}.Release|Any CPU.ActiveCfg = Release|Any CPU
		{8C363C3F-AB3B-4791-8316-E1B6E5420187}.Release|Any CPU.Build.0 = Release|Any CPU
		{5DC1BADA-B459-4B65-89E0-9E113DF6FB40}.Debug|Any CPU.ActiveCfg = Debug|Any CPU
		{5DC1BADA-B459-4B65-89E0-9E113DF6FB40}.Debug|Any CPU.Build.0 = Debug|Any CPU
		{5DC1BADA-B459-4B65-89E0-9E113DF6FB40}.Release|Any CPU.ActiveCfg = Release|Any CPU
		{5DC1BADA-B459-4B65-89E0-9E113DF6FB40}.Release|Any CPU.Build.0 = Release|Any CPU
		{2CEC2559-8194-4686-A024-8372DCDA15AD}.Debug|Any CPU.ActiveCfg = Debug|Any CPU
		{2CEC2559-8194-4686-A024-8372DCDA15AD}.Debug|Any CPU.Build.0 = Debug|Any CPU
		{2CEC2559-8194-4686-A024-8372DCDA15AD}.Release|Any CPU.ActiveCfg = Release|Any CPU
		{2CEC2559-8194-4686-A024-8372DCDA15AD}.Release|Any CPU.Build.0 = Release|Any CPU
		{998E026C-B684-4C38-8574-98DD8844EFCA}.Debug|Any CPU.ActiveCfg = Debug|Any CPU
		{998E026C-B684-4C38-8574-98DD8844EFCA}.Debug|Any CPU.Build.0 = Debug|Any CPU
		{998E026C-B684-4C38-8574-98DD8844EFCA}.Release|Any CPU.ActiveCfg = Release|Any CPU
		{998E026C-B684-4C38-8574-98DD8844EFCA}.Release|Any CPU.Build.0 = Release|Any CPU
		{65FF251C-73EB-47A1-9E21-0CF1C7D186D1}.Debug|Any CPU.ActiveCfg = Debug|Any CPU
		{65FF251C-73EB-47A1-9E21-0CF1C7D186D1}.Debug|Any CPU.Build.0 = Debug|Any CPU
		{65FF251C-73EB-47A1-9E21-0CF1C7D186D1}.Release|Any CPU.ActiveCfg = Release|Any CPU
		{65FF251C-73EB-47A1-9E21-0CF1C7D186D1}.Release|Any CPU.Build.0 = Release|Any CPU
		{C6349E68-CF90-424E-8291-01853AFB6E11}.Debug|Any CPU.ActiveCfg = Debug|Any CPU
		{C6349E68-CF90-424E-8291-01853AFB6E11}.Debug|Any CPU.Build.0 = Debug|Any CPU
		{C6349E68-CF90-424E-8291-01853AFB6E11}.Release|Any CPU.ActiveCfg = Release|Any CPU
		{C6349E68-CF90-424E-8291-01853AFB6E11}.Release|Any CPU.Build.0 = Release|Any CPU
		{1D0E5B7D-B010-496B-9E4A-FEE0B3C6E1F2}.Debug|Any CPU.ActiveCfg = Debug|Any CPU
		{1D0E5B7D-B010-496B-9E4A-FEE0B3C6E1F2}.Debug|Any CPU.Build.0 = Debug|Any CPU
		{1D0E5B7D-B010-496B-9E4A-FEE0B3C6E1F2}.Release|Any CPU.ActiveCfg = Release|Any CPU
		{1D0E5B7D-B010-496B-9E4A-FEE0B3C6E1F2}.Release|Any CPU.Build.0 = Release|Any CPU
		{B0AF05D5-AC14-47D3-A7DC-7B4866953BFE}.Debug|Any CPU.ActiveCfg = Debug|Any CPU
		{B0AF05D5-AC14-47D3-A7DC-7B4866953BFE}.Debug|Any CPU.Build.0 = Debug|Any CPU
		{B0AF05D5-AC14-47D3-A7DC-7B4866953BFE}.Release|Any CPU.ActiveCfg = Release|Any CPU
		{B0AF05D5-AC14-47D3-A7DC-7B4866953BFE}.Release|Any CPU.Build.0 = Release|Any CPU
		{7DD9D21B-03B7-41BA-AA31-4F3010AC101D}.Debug|Any CPU.ActiveCfg = Debug|Any CPU
		{7DD9D21B-03B7-41BA-AA31-4F3010AC101D}.Debug|Any CPU.Build.0 = Debug|Any CPU
		{7DD9D21B-03B7-41BA-AA31-4F3010AC101D}.Release|Any CPU.ActiveCfg = Release|Any CPU
		{7DD9D21B-03B7-41BA-AA31-4F3010AC101D}.Release|Any CPU.Build.0 = Release|Any CPU
	EndGlobalSection
	GlobalSection(SolutionProperties) = preSolution
		HideSolutionNode = FALSE
	EndGlobalSection
	GlobalSection(ExtensibilityGlobals) = postSolution
		SolutionGuid = {48CCCB01-C3ED-44C7-B7CB-DB0157A7827F}
	EndGlobalSection
EndGlobal
